
Microsoft Visual Studio Solution File, Format Version 11.00
# Visual Studio 2010
Project("{FAE04EC0-301F-11D3-BF4B-00C04F79EFBC}") = "backoff", "Assembly-CSharp.csproj", "{5DA5B9CD-A900-71B5-2352-04B8B68BCA69}"
EndProject
Project("{FAE04EC0-301F-11D3-BF4B-00C04F79EFBC}") = "backoff", "Assembly-CSharp-firstpass.csproj", "{FCA3D8CE-6CF4-2C71-383A-D3AA7C28D206}"
EndProject
Project("{FAE04EC0-301F-11D3-BF4B-00C04F79EFBC}") = "backoff", "Assembly-CSharp-Editor.csproj", "{23777B7C-E1CA-CC67-B7FB-43BE2C553F92}"
EndProject
Global
	GlobalSection(SolutionConfigurationPlatforms) = preSolution
		Debug|Any CPU = Debug|Any CPU
		Release|Any CPU = Release|Any CPU
	EndGlobalSection
	GlobalSection(ProjectConfigurationPlatforms) = postSolution
		{5DA5B9CD-A900-71B5-2352-04B8B68BCA69}.Debug|Any CPU.ActiveCfg = Debug|Any CPU
		{5DA5B9CD-A900-71B5-2352-04B8B68BCA69}.Debug|Any CPU.Build.0 = Debug|Any CPU
		{5DA5B9CD-A900-71B5-2352-04B8B68BCA69}.Release|Any CPU.ActiveCfg = Release|Any CPU
		{5DA5B9CD-A900-71B5-2352-04B8B68BCA69}.Release|Any CPU.Build.0 = Release|Any CPU
		{FCA3D8CE-6CF4-2C71-383A-D3AA7C28D206}.Debug|Any CPU.ActiveCfg = Debug|Any CPU
		{FCA3D8CE-6CF4-2C71-383A-D3AA7C28D206}.Debug|Any CPU.Build.0 = Debug|Any CPU
		{FCA3D8CE-6CF4-2C71-383A-D3AA7C28D206}.Release|Any CPU.ActiveCfg = Release|Any CPU
		{FCA3D8CE-6CF4-2C71-383A-D3AA7C28D206}.Release|Any CPU.Build.0 = Release|Any CPU
		{23777B7C-E1CA-CC67-B7FB-43BE2C553F92}.Debug|Any CPU.ActiveCfg = Debug|Any CPU
		{23777B7C-E1CA-CC67-B7FB-43BE2C553F92}.Debug|Any CPU.Build.0 = Debug|Any CPU
		{23777B7C-E1CA-CC67-B7FB-43BE2C553F92}.Release|Any CPU.ActiveCfg = Release|Any CPU
		{23777B7C-E1CA-CC67-B7FB-43BE2C553F92}.Release|Any CPU.Build.0 = Release|Any CPU
	EndGlobalSection
	GlobalSection(SolutionProperties) = preSolution
		HideSolutionNode = FALSE
	EndGlobalSection
	GlobalSection(MonoDevelopProperties) = preSolution
		StartupItem = Assembly-CSharp.csproj
	EndGlobalSection
EndGlobal
